
Microsoft Visual Studio Solution File, Format Version 12.00
# Visual Studio Version 17
VisualStudioVersion = 17.0.32014.148
MinimumVisualStudioVersion = 10.0.40219.1
Project("{FAE04EC0-301F-11D3-BF4B-00C04F79EFBC}") = "WebApplicationAutenticacaoMVCCookies", "WebApplicationAutenticacaoMVCCookies\WebApplicationAutenticacaoMVCCookies.csproj", "{C28F42A0-5AAC-48B2-AB60-44D4D537EB9C}"
EndProject
Global
	GlobalSection(SolutionConfigurationPlatforms) = preSolution
		Debug|Any CPU = Debug|Any CPU
		Release|Any CPU = Release|Any CPU
	EndGlobalSection
	GlobalSection(ProjectConfigurationPlatforms) = postSolution
		{C28F42A0-5AAC-48B2-AB60-44D4D537EB9C}.Debug|Any CPU.ActiveCfg = Debug|Any CPU
		{C28F42A0-5AAC-48B2-AB60-44D4D537EB9C}.Debug|Any CPU.Build.0 = Debug|Any CPU
		{C28F42A0-5AAC-48B2-AB60-44D4D537EB9C}.Release|Any CPU.ActiveCfg = Release|Any CPU
		{C28F42A0-5AAC-48B2-AB60-44D4D537EB9C}.Release|Any CPU.Build.0 = Release|Any CPU
	EndGlobalSection
	GlobalSection(SolutionProperties) = preSolution
		HideSolutionNode = FALSE
	EndGlobalSection
	GlobalSection(ExtensibilityGlobals) = postSolution
		SolutionGuid = {757FD7F9-A7CA-496C-B844-BFA2760F81E3}
	EndGlobalSection
EndGlobal
